// !$*UTF8*$!
{
	archiveVersion = 1;
	classes = {
	};
	objectVersion = 48;
	objects = {

/* Begin PBXBuildFile section */
		733D60731FC741470032EDCF /* TableViewController.swift in Sources */ = {isa = PBXBuildFile; fileRef = 733D60721FC741470032EDCF /* TableViewController.swift */; };
		733D60771FC7418C0032EDCF /* TableViewCell.swift in Sources */ = {isa = PBXBuildFile; fileRef = 733D60761FC7418C0032EDCF /* TableViewCell.swift */; };
		738B0EE31FC73D7E0096B9CA /* AppDelegate.swift in Sources */ = {isa = PBXBuildFile; fileRef = 738B0EE21FC73D7E0096B9CA /* AppDelegate.swift */; };
		738B0EE81FC73D7E0096B9CA /* Main.storyboard in Resources */ = {isa = PBXBuildFile; fileRef = 738B0EE61FC73D7E0096B9CA /* Main.storyboard */; };
		738B0EEB1FC73D7E0096B9CA /* notes.xcdatamodeld in Sources */ = {isa = PBXBuildFile; fileRef = 738B0EE91FC73D7E0096B9CA /* notes.xcdatamodeld */; };
		738B0EED1FC73D7E0096B9CA /* Assets.xcassets in Resources */ = {isa = PBXBuildFile; fileRef = 738B0EEC1FC73D7E0096B9CA /* Assets.xcassets */; };
		738B0EF01FC73D7E0096B9CA /* LaunchScreen.storyboard in Resources */ = {isa = PBXBuildFile; fileRef = 738B0EEE1FC73D7E0096B9CA /* LaunchScreen.storyboard */; };
/* End PBXBuildFile section */

/* Begin PBXFileReference section */
		733D60721FC741470032EDCF /* TableViewController.swift */ = {isa = PBXFileReference; lastKnownFileType = sourcecode.swift; path = TableViewController.swift; sourceTree = "<group>"; };
		733D60761FC7418C0032EDCF /* TableViewCell.swift */ = {isa = PBXFileReference; lastKnownFileType = sourcecode.swift; path = TableViewCell.swift; sourceTree = "<group>"; };
		738B0EDF1FC73D7E0096B9CA /* notes.app */ = {isa = PBXFileReference; explicitFileType = wrapper.application; includeInIndex = 0; path = notes.app; sourceTree = BUILT_PRODUCTS_DIR; };
		738B0EE21FC73D7E0096B9CA /* AppDelegate.swift */ = {isa = PBXFileReference; lastKnownFileType = sourcecode.swift; path = AppDelegate.swift; sourceTree = "<group>"; };
		738B0EE71FC73D7E0096B9CA /* Base */ = {isa = PBXFileReference; lastKnownFileType = file.storyboard; name = Base; path = Base.lproj/Main.storyboard; sourceTree = "<group>"; };
		738B0EEA1FC73D7E0096B9CA /* notes.xcdatamodel */ = {isa = PBXFileReference; lastKnownFileType = wrapper.xcdatamodel; path = notes.xcdatamodel; sourceTree = "<group>"; };
		738B0EEC1FC73D7E0096B9CA /* Assets.xcassets */ = {isa = PBXFileReference; lastKnownFileType = folder.assetcatalog; path = Assets.xcassets; sourceTree = "<group>"; };
		738B0EEF1FC73D7E0096B9CA /* Base */ = {isa = PBXFileReference; lastKnownFileType = file.storyboard; name = Base; path = Base.lproj/LaunchScreen.storyboard; sourceTree = "<group>"; };
		738B0EF11FC73D7E0096B9CA /* Info.plist */ = {isa = PBXFileReference; lastKnownFileType = text.plist.xml; path = Info.plist; sourceTree = "<group>"; };
/* End PBXFileReference section */

/* Begin PBXFrameworksBuildPhase section */
		738B0EDC1FC73D7E0096B9CA /* Frameworks */ = {
			isa = PBXFrameworksBuildPhase;
			buildActionMask = 2147483647;
			files = (
			);
			runOnlyForDeploymentPostprocessing = 0;
		};
/* End PBXFrameworksBuildPhase section */

/* Begin PBXGroup section */
		733D60781FC746D10032EDCF /* viewControllers */ = {
			isa = PBXGroup;
			children = (
				733D60721FC741470032EDCF /* TableViewController.swift */,
			);
			path = viewControllers;
			sourceTree = "<group>";
		};
		738B0ED61FC73D7E0096B9CA = {
			isa = PBXGroup;
			children = (
				738B0EE11FC73D7E0096B9CA /* notes */,
				738B0EE01FC73D7E0096B9CA /* Products */,
			);
			sourceTree = "<group>";
		};
		738B0EE01FC73D7E0096B9CA /* Products */ = {
			isa = PBXGroup;
			children = (
				738B0EDF1FC73D7E0096B9CA /* notes.app */,
			);
			name = Products;
			sourceTree = "<group>";
		};
		738B0EE11FC73D7E0096B9CA /* notes */ = {
			isa = PBXGroup;
			children = (
				733D60781FC746D10032EDCF /* viewControllers */,
				733D60761FC7418C0032EDCF /* TableViewCell.swift */,
				738B0EE21FC73D7E0096B9CA /* AppDelegate.swift */,
				738B0EE61FC73D7E0096B9CA /* Main.storyboard */,
				738B0EEC1FC73D7E0096B9CA /* Assets.xcassets */,
				738B0EEE1FC73D7E0096B9CA /* LaunchScreen.storyboard */,
				738B0EF11FC73D7E0096B9CA /* Info.plist */,
				738B0EE91FC73D7E0096B9CA /* notes.xcdatamodeld */,
			);
			path = notes;
			sourceTree = "<group>";
		};
/* End PBXGroup section */

/* Begin PBXNativeTarget section */
		738B0EDE1FC73D7E0096B9CA /* notes */ = {
			isa = PBXNativeTarget;
			buildConfigurationList = 738B0EF41FC73D7E0096B9CA /* Build configuration list for PBXNativeTarget "notes" */;
			buildPhases = (
				738B0EDB1FC73D7E0096B9CA /* Sources */,
				738B0EDC1FC73D7E0096B9CA /* Frameworks */,
				738B0EDD1FC73D7E0096B9CA /* Resources */,
			);
			buildRules = (
			);
			dependencies = (
			);
			name = notes;
			productName = notes;
			productReference = 738B0EDF1FC73D7E0096B9CA /* notes.app */;
			productType = "com.apple.product-type.application";
		};
/* End PBXNativeTarget section */

/* Begin PBXProject section */
		738B0ED71FC73D7E0096B9CA /* Project object */ = {
			isa = PBXProject;
			attributes = {
				LastSwiftUpdateCheck = 0920;
				LastUpgradeCheck = 0920;
				ORGANIZATIONNAME = "ariel leventhal";
				TargetAttributes = {
					738B0EDE1FC73D7E0096B9CA = {
						CreatedOnToolsVersion = 9.2;
						ProvisioningStyle = Automatic;
					};
				};
			};
			buildConfigurationList = 738B0EDA1FC73D7E0096B9CA /* Build configuration list for PBXProject "notes" */;
			compatibilityVersion = "Xcode 8.0";
			developmentRegion = en;
			hasScannedForEncodings = 0;
			knownRegions = (
				en,
				Base,
			);
			mainGroup = 738B0ED61FC73D7E0096B9CA;
			productRefGroup = 738B0EE01FC73D7E0096B9CA /* Products */;
			projectDirPath = "";
			projectRoot = "";
			targets = (
				738B0EDE1FC73D7E0096B9CA /* notes */,
			);
		};
/* End PBXProject section */

/* Begin PBXResourcesBuildPhase section */
		738B0EDD1FC73D7E0096B9CA /* Resources */ = {
			isa = PBXResourcesBuildPhase;
			buildActionMask = 2147483647;
			files = (
				738B0EF01FC73D7E0096B9CA /* LaunchScreen.storyboard in Resources */,
				738B0EED1FC73D7E0096B9CA /* Assets.xcassets in Resources */,
				738B0EE81FC73D7E0096B9CA /* Main.storyboard in Resources */,
			);
			runOnlyForDeploymentPostprocessing = 0;
		};
/* End PBXResourcesBuildPhase section */

/* Begin PBXSourcesBuildPhase section */
		738B0EDB1FC73D7E0096B9CA /* Sources */ = {
			isa = PBXSourcesBuildPhase;
			buildActionMask = 2147483647;
			files = (
				738B0EE31FC73D7E0096B9CA /* AppDelegate.swift in Sources */,
				733D60771FC7418C0032EDCF /* TableViewCell.swift in Sources */,
				733D60731FC741470032EDCF /* TableViewController.swift in Sources */,
				738B0EEB1FC73D7E0096B9CA /* notes.xcdatamodeld in Sources */,
			);
			runOnlyForDeploymentPostprocessing = 0;
		};
/* End PBXSourcesBuildPhase section */

/* Begin PBXVariantGroup section */
		738B0EE61FC73D7E0096B9CA /* Main.storyboard */ = {
			isa = PBXVariantGroup;
			children = (
				738B0EE71FC73D7E0096B9CA /* Base */,
			);
			name = Main.storyboard;
			sourceTree = "<group>";
		};
		738B0EEE1FC73D7E0096B9CA /* LaunchScreen.storyboard */ = {
			isa = PBXVariantGroup;
			children = (
				738B0EEF1FC73D7E0096B9CA /* Base */,
			);
			name = LaunchScreen.storyboard;
			sourceTree = "<group>";
		};
/* End PBXVariantGroup section */

/* Begin XCBuildConfiguration section */
		738B0EF21FC73D7E0096B9CA /* Debug */ = {
			isa = XCBuildConfiguration;
			buildSettings = {
				ALWAYS_SEARCH_USER_PATHS = NO;
				CLANG_ANALYZER_NONNULL = YES;
				CLANG_ANALYZER_NUMBER_OBJECT_CONVERSION = YES_AGGRESSIVE;
				CLANG_CXX_LANGUAGE_STANDARD = "gnu++14";
				CLANG_CXX_LIBRARY = "libc++";
				CLANG_ENABLE_MODULES = YES;
				CLANG_ENABLE_OBJC_ARC = YES;
				CLANG_WARN_BLOCK_CAPTURE_AUTORELEASING = YES;
				CLANG_WARN_BOOL_CONVERSION = YES;
				CLANG_WARN_COMMA = YES;
				CLANG_WARN_CONSTANT_CONVERSION = YES;
				CLANG_WARN_DIRECT_OBJC_ISA_USAGE = YES_ERROR;
				CLANG_WARN_DOCUMENTATION_COMMENTS = YES;
				CLANG_WARN_EMPTY_BODY = YES;
				CLANG_WARN_ENUM_CONVERSION = YES;
				CLANG_WARN_INFINITE_RECURSION = YES;
				CLANG_WARN_INT_CONVERSION = YES;
				CLANG_WARN_NON_LITERAL_NULL_CONVERSION = YES;
				CLANG_WARN_OBJC_LITERAL_CONVERSION = YES;
				CLANG_WARN_OBJC_ROOT_CLASS = YES_ERROR;
				CLANG_WARN_RANGE_LOOP_ANALYSIS = YES;
				CLANG_WARN_STRICT_PROTOTYPES = YES;
				CLANG_WARN_SUSPICIOUS_MOVE = YES;
				CLANG_WARN_UNGUARDED_AVAILABILITY = YES_AGGRESSIVE;
				CLANG_WARN_UNREACHABLE_CODE = YES;
				CLANG_WARN__DUPLICATE_METHOD_MATCH = YES;
				CODE_SIGN_IDENTITY = "iPhone Developer";
				COPY_PHASE_STRIP = NO;
				DEBUG_INFORMATION_FORMAT = dwarf;
				ENABLE_STRICT_OBJC_MSGSEND = YES;
				ENABLE_TESTABILITY = YES;
				GCC_C_LANGUAGE_STANDARD = gnu11;
				GCC_DYNAMIC_NO_PIC = NO;
				GCC_NO_COMMON_BLOCKS = YES;
				GCC_OPTIMIZATION_LEVEL = 0;
				GCC_PREPROCESSOR_DEFINITIONS = (
					"DEBUG=1",
					"$(inherited)",
				);
				GCC_WARN_64_TO_32_BIT_CONVERSION = YES;
				GCC_WARN_ABOUT_RETURN_TYPE = YES_ERROR;
				GCC_WARN_UNDECLARED_SELECTOR = YES;
				GCC_WARN_UNINITIALIZED_AUTOS = YES_AGGRESSIVE;
				GCC_WARN_UNUSED_FUNCTION = YES;
				GCC_WARN_UNUSED_VARIABLE = YES;
				IPHONEOS_DEPLOYMENT_TARGET = 11.2;
				MTL_ENABLE_DEBUG_INFO = YES;
				ONLY_ACTIVE_ARCH = YES;
				SDKROOT = iphoneos;
				SWIFT_ACTIVE_COMPILATION_CONDITIONS = DEBUG;
				SWIFT_OPTIMIZATION_LEVEL = "-Onone";
			};
			name = Debug;
		};
		738B0EF31FC73D7E0096B9CA /* Release */ = {
			isa = XCBuildConfiguration;
			buildSettings = {
				ALWAYS_SEARCH_USER_PATHS = NO;
				CLANG_ANALYZER_NONNULL = YES;
				CLANG_ANALYZER_NUMBER_OBJECT_CONVERSION = YES_AGGRESSIVE;
				CLANG_CXX_LANGUAGE_STANDARD = "gnu++14";
				CLANG_CXX_LIBRARY = "libc++";
				CLANG_ENABLE_MODULES = YES;
				CLANG_ENABLE_OBJC_ARC = YES;
				CLANG_WARN_BLOCK_CAPTURE_AUTORELEASING = YES;
				CLANG_WARN_BOOL_CONVERSION = YES;
				CLANG_WARN_COMMA = YES;
				CLANG_WARN_CONSTANT_CONVERSION = YES;
				CLANG_WARN_DIRECT_OBJC_ISA_USAGE = YES_ERROR;
				CLANG_WARN_DOCUMENTATION_COMMENTS = YES;
				CLANG_WARN_EMPTY_BODY = YES;
				CLANG_WARN_ENUM_CONVERSION = YES;
				CLANG_WARN_INFINITE_RECURSION = YES;
				CLANG_WARN_INT_CONVERSION = YES;
				CLANG_WARN_NON_LITERAL_NULL_CONVERSION = YES;
				CLANG_WARN_OBJC_LITERAL_CONVERSION = YES;
				CLANG_WARN_OBJC_ROOT_CLASS = YES_ERROR;
				CLANG_WARN_RANGE_LOOP_ANALYSIS = YES;
				CLANG_WARN_STRICT_PROTOTYPES = YES;
				CLANG_WARN_SUSPICIOUS_MOVE = YES;
				CLANG_WARN_UNGUARDED_AVAILABILITY = YES_AGGRESSIVE;
				CLANG_WARN_UNREACHABLE_CODE = YES;
				CLANG_WARN__DUPLICATE_METHOD_MATCH = YES;
				CODE_SIGN_IDENTITY = "iPhone Developer";
				COPY_PHASE_STRIP = NO;
				DEBUG_INFORMATION_FORMAT = "dwarf-with-dsym";
				ENABLE_NS_ASSERTIONS = NO;
				ENABLE_STRICT_OBJC_MSGSEND = YES;
				GCC_C_LANGUAGE_STANDARD = gnu11;
				GCC_NO_COMMON_BLOCKS = YES;
				GCC_WARN_64_TO_32_BIT_CONVERSION = YES;
				GCC_WARN_ABOUT_RETURN_TYPE = YES_ERROR;
				GCC_WARN_UNDECLARED_SELECTOR = YES;
				GCC_WARN_UNINITIALIZED_AUTOS = YES_AGGRESSIVE;
				GCC_WARN_UNUSED_FUNCTION = YES;
				GCC_WARN_UNUSED_VARIABLE = YES;
				IPHONEOS_DEPLOYMENT_TARGET = 11.2;
				MTL_ENABLE_DEBUG_INFO = NO;
				SDKROOT = iphoneos;
				SWIFT_OPTIMIZATION_LEVEL = "-Owholemodule";
				VALIDATE_PRODUCT = YES;
			};
			name = Release;
		};
		738B0EF51FC73D7E0096B9CA /* Debug */ = {
			isa = XCBuildConfiguration;
			buildSettings = {
				ASSETCATALOG_COMPILER_APPICON_NAME = AppIcon;
				CODE_SIGN_STYLE = Automatic;
				DEVELOPMENT_TEAM = F32T5Z2RC3;
				INFOPLIST_FILE = notes/Info.plist;
				LD_RUNPATH_SEARCH_PATHS = "$(inherited) @executable_path/Frameworks";
				PRODUCT_BUNDLE_IDENTIFIER = arielleventhal.notes;
				PRODUCT_NAME = "$(TARGET_NAME)";
				SWIFT_VERSION = 4.0;
				TARGETED_DEVICE_FAMILY = "1,2";
			};
			name = Debug;
		};
		738B0EF61FC73D7E0096B9CA /* Release */ = {
			isa = XCBuildConfiguration;
			buildSettings = {
				ASSETCATALOG_COMPILER_APPICON_NAME = AppIcon;
				CODE_SIGN_STYLE = Automatic;
				DEVELOPMENT_TEAM = F32T5Z2RC3;
				INFOPLIST_FILE = notes/Info.plist;
				LD_RUNPATH_SEARCH_PATHS = "$(inherited) @executable_path/Frameworks";
				PRODUCT_BUNDLE_IDENTIFIER = arielleventhal.notes;
				PRODUCT_NAME = "$(TARGET_NAME)";
				SWIFT_VERSION = 4.0;
				TARGETED_DEVICE_FAMILY = "1,2";
			};
			name = Release;
		};
/* End XCBuildConfiguration section */

/* Begin XCConfigurationList section */
		738B0EDA1FC73D7E0096B9CA /* Build configuration list for PBXProject "notes" */ = {
			isa = XCConfigurationList;
			buildConfigurations = (
				738B0EF21FC73D7E0096B9CA /* Debug */,
				738B0EF31FC73D7E0096B9CA /* Release */,
			);
			defaultConfigurationIsVisible = 0;
			defaultConfigurationName = Release;
		};
		738B0EF41FC73D7E0096B9CA /* Build configuration list for PBXNativeTarget "notes" */ = {
			isa = XCConfigurationList;
			buildConfigurations = (
				738B0EF51FC73D7E0096B9CA /* Debug */,
				738B0EF61FC73D7E0096B9CA /* Release */,
			);
			defaultConfigurationIsVisible = 0;
			defaultConfigurationName = Release;
		};
/* End XCConfigurationList section */

/* Begin XCVersionGroup section */
		738B0EE91FC73D7E0096B9CA /* notes.xcdatamodeld */ = {
			isa = XCVersionGroup;
			children = (
				738B0EEA1FC73D7E0096B9CA /* notes.xcdatamodel */,
			);
			currentVersion = 738B0EEA1FC73D7E0096B9CA /* notes.xcdatamodel */;
			path = notes.xcdatamodeld;
			sourceTree = "<group>";
			versionGroupType = wrapper.xcdatamodel;
		};
/* End XCVersionGroup section */
	};
	rootObject = 738B0ED71FC73D7E0096B9CA /* Project object */;
}
